dependencies:
- name: datacube-index
  repository: https://opendatacube.github.io/datacube-charts/charts/
  version: 0.2.13
- name: datacube-wps
  repository: https://opendatacube.github.io/datacube-charts/charts/
  version: 0.1.2
- name: datacube-dashboard
  repository: https://opendatacube.github.io/datacube-charts/charts/
  version: 0.2.7
- name: datacube-data
  repository: https://opendatacube.github.io/datacube-charts/charts/
  version: 0.1.5
digest: sha256:33d0fb08f719ebd4e877e2d63fb6b927e6632fb24b1ea544ffbf296cd9f8f9d0
generated: 2018-12-03T15:21:27.923729+11:00
